
Microsoft Visual Studio Solution File, Format Version 12.00
# Visual Studio Version 16
VisualStudioVersion = 16.0.32802.440
MinimumVisualStudioVersion = 10.0.40219.1
Project("{FAE04EC0-301F-11D3-BF4B-00C04F79EFBC}") = "задание 2", "задание 2\задание 2.csproj", "{3985597D-ED5C-4A9E-8DFC-C615FE55CEBE}"
EndProject
Global
	GlobalSection(SolutionConfigurationPlatforms) = preSolution
		Debug|Any CPU = Debug|Any CPU
		Release|Any CPU = Release|Any CPU
	EndGlobalSection
	GlobalSection(ProjectConfigurationPlatforms) = postSolution
		{3985597D-ED5C-4A9E-8DFC-C615FE55CEBE}.Debug|Any CPU.ActiveCfg = Debug|Any CPU
		{3985597D-ED5C-4A9E-8DFC-C615FE55CEBE}.Debug|Any CPU.Build.0 = Debug|Any CPU
		{3985597D-ED5C-4A9E-8DFC-C615FE55CEBE}.Release|Any CPU.ActiveCfg = Release|Any CPU
		{3985597D-ED5C-4A9E-8DFC-C615FE55CEBE}.Release|Any CPU.Build.0 = Release|Any CPU
	EndGlobalSection
	GlobalSection(SolutionProperties) = preSolution
		HideSolutionNode = FALSE
	EndGlobalSection
	GlobalSection(ExtensibilityGlobals) = postSolution
		SolutionGuid = {D1BBA3F3-4C16-4A89-B936-5D5205D66EAB}
	EndGlobalSection
EndGlobal
